// !$*UTF8*$!
{
	archiveVersion = 1;
	classes = {
	};
	objectVersion = 52;
	objects = {

/* Begin PBXBuildFile section */
		3D12C105268424F6006ED719 /* UIColor+Extension.swift in Sources */ = {isa = PBXBuildFile; fileRef = 3D12C104268424F6006ED719 /* UIColor+Extension.swift */; };
		3D55B0B2267476AF0082D7BE /* AppDelegate.swift in Sources */ = {isa = PBXBuildFile; fileRef = 3D55B0B1267476AF0082D7BE /* AppDelegate.swift */; };
		3D55B0B4267476AF0082D7BE /* SceneDelegate.swift in Sources */ = {isa = PBXBuildFile; fileRef = 3D55B0B3267476AF0082D7BE /* SceneDelegate.swift */; };
		3D55B0B6267476AF0082D7BE /* HomeViewController.swift in Sources */ = {isa = PBXBuildFile; fileRef = 3D55B0B5267476AF0082D7BE /* HomeViewController.swift */; };
		3D55B0BB267476B00082D7BE /* Assets.xcassets in Resources */ = {isa = PBXBuildFile; fileRef = 3D55B0BA267476B00082D7BE /* Assets.xcassets */; };
		3D55B0BE267476B00082D7BE /* LaunchScreen.storyboard in Resources */ = {isa = PBXBuildFile; fileRef = 3D55B0BC267476B00082D7BE /* LaunchScreen.storyboard */; };
		3D5E33CA26895CD40017838A /* UIButton+Extension.swift in Sources */ = {isa = PBXBuildFile; fileRef = 3D5E33C926895CD40017838A /* UIButton+Extension.swift */; };
		3D5E33CC26895E880017838A /* CardImageView.swift in Sources */ = {isa = PBXBuildFile; fileRef = 3D5E33CB26895E880017838A /* CardImageView.swift */; };
		3D91F74926773E9500F3FCAA /* BottomControlView.swift in Sources */ = {isa = PBXBuildFile; fileRef = 3D91F74826773E9500F3FCAA /* BottomControlView.swift */; };
		3D91F74B2677490300F3FCAA /* UIImage+Extension.swift in Sources */ = {isa = PBXBuildFile; fileRef = 3D91F74A2677490300F3FCAA /* UIImage+Extension.swift */; };
		3DABCFF92685D567000A89BE /* CardInfoLabel.swift in Sources */ = {isa = PBXBuildFile; fileRef = 3DABCFF82685D567000A89BE /* CardInfoLabel.swift */; };
		3DD26404267AFEB6005A3E38 /* TopControlView.swift in Sources */ = {isa = PBXBuildFile; fileRef = 3DD26403267AFEB6005A3E38 /* TopControlView.swift */; };
		3DD26407267B065B005A3E38 /* BuildFile in Frameworks */ = {isa = PBXBuildFile; productRef = 3DD26406267B065B005A3E38 /* SwiftPackageProductDependency */; };
		3DD26409267B065B005A3E38 /* BuildFile in Frameworks */ = {isa = PBXBuildFile; productRef = 3DD26408267B065B005A3E38 /* SwiftPackageProductDependency */; };
		3DD2640B267B065B005A3E38 /* BuildFile in Frameworks */ = {isa = PBXBuildFile; productRef = 3DD2640A267B065B005A3E38 /* SwiftPackageProductDependency */; };
		3DD2640D267B418D005A3E38 /* UIView+Extension.swift in Sources */ = {isa = PBXBuildFile; fileRef = 3DD2640C267B418D005A3E38 /* UIView+Extension.swift */; };
		3DD2640F267B4B45005A3E38 /* CardView.swift in Sources */ = {isa = PBXBuildFile; fileRef = 3DD2640E267B4B45005A3E38 /* CardView.swift */; };
		3DD6853E26A9A39E0021DEE3 /* GoogleService-Info.plist in Resources */ = {isa = PBXBuildFile; fileRef = 3DD6853D26A9A39E0021DEE3 /* GoogleService-Info.plist */; };
		A4FFB95800E22829C1574DC6 /* Pods_MatchingApp.framework in Frameworks */ = {isa = PBXBuildFile; fileRef = 0A34FF5FD6DE0B8E038C8329 /* Pods_MatchingApp.framework */; };
/* End PBXBuildFile section */

/* Begin PBXFileReference section */
		0A34FF5FD6DE0B8E038C8329 /* Pods_MatchingApp.framework */ = {isa = PBXFileReference; explicitFileType = wrapper.framework; includeInIndex = 0; path = Pods_MatchingApp.framework; sourceTree = BUILT_PRODUCTS_DIR; };
		274FD43EF14E5AEF65DC0516 /* Pods-MatchingApp.release.xcconfig */ = {isa = PBXFileReference; includeInIndex = 1; lastKnownFileType = text.xcconfig; name = "Pods-MatchingApp.release.xcconfig"; path = "Target Support Files/Pods-MatchingApp/Pods-MatchingApp.release.xcconfig"; sourceTree = "<group>"; };
		3D12C104268424F6006ED719 /* UIColor+Extension.swift */ = {isa = PBXFileReference; lastKnownFileType = sourcecode.swift; path = "UIColor+Extension.swift"; sourceTree = "<group>"; };
		3D55B0AE267476AF0082D7BE /* MatchingApp.app */ = {isa = PBXFileReference; explicitFileType = wrapper.application; includeInIndex = 0; path = MatchingApp.app; sourceTree = BUILT_PRODUCTS_DIR; };
		3D55B0B1267476AF0082D7BE /* AppDelegate.swift */ = {isa = PBXFileReference; lastKnownFileType = sourcecode.swift; path = AppDelegate.swift; sourceTree = "<group>"; };
		3D55B0B3267476AF0082D7BE /* SceneDelegate.swift */ = {isa = PBXFileReference; lastKnownFileType = sourcecode.swift; path = SceneDelegate.swift; sourceTree = "<group>"; };
		3D55B0B5267476AF0082D7BE /* HomeViewController.swift */ = {isa = PBXFileReference; lastKnownFileType = sourcecode.swift; path = HomeViewController.swift; sourceTree = "<group>"; };
		3D55B0BA267476B00082D7BE /* Assets.xcassets */ = {isa = PBXFileReference; lastKnownFileType = folder.assetcatalog; path = Assets.xcassets; sourceTree = "<group>"; };
		3D55B0BD267476B00082D7BE /* Base */ = {isa = PBXFileReference; lastKnownFileType = file.storyboard; name = Base; path = Base.lproj/LaunchScreen.storyboard; sourceTree = "<group>"; };
		3D55B0BF267476B00082D7BE /* Info.plist */ = {isa = PBXFileReference; lastKnownFileType = text.plist.xml; path = Info.plist; sourceTree = "<group>"; };
		3D5E33C926895CD40017838A /* UIButton+Extension.swift */ = {isa = PBXFileReference; lastKnownFileType = sourcecode.swift; path = "UIButton+Extension.swift"; sourceTree = "<group>"; };
		3D5E33CB26895E880017838A /* CardImageView.swift */ = {isa = PBXFileReference; lastKnownFileType = sourcecode.swift; path = CardImageView.swift; sourceTree = "<group>"; };
		3D91F74826773E9500F3FCAA /* BottomControlView.swift */ = {isa = PBXFileReference; lastKnownFileType = sourcecode.swift; path = BottomControlView.swift; sourceTree = "<group>"; };
		3D91F74A2677490300F3FCAA /* UIImage+Extension.swift */ = {isa = PBXFileReference; lastKnownFileType = sourcecode.swift; path = "UIImage+Extension.swift"; sourceTree = "<group>"; };
		3DABCFF82685D567000A89BE /* CardInfoLabel.swift */ = {isa = PBXFileReference; lastKnownFileType = sourcecode.swift; path = CardInfoLabel.swift; sourceTree = "<group>"; };
		3DD26403267AFEB6005A3E38 /* TopControlView.swift */ = {isa = PBXFileReference; lastKnownFileType = sourcecode.swift; path = TopControlView.swift; sourceTree = "<group>"; };
		3DD2640C267B418D005A3E38 /* UIView+Extension.swift */ = {isa = PBXFileReference; lastKnownFileType = sourcecode.swift; path = "UIView+Extension.swift"; sourceTree = "<group>"; };
		3DD2640E267B4B45005A3E38 /* CardView.swift */ = {isa = PBXFileReference; lastKnownFileType = sourcecode.swift; path = CardView.swift; sourceTree = "<group>"; };
		3DD6853D26A9A39E0021DEE3 /* GoogleService-Info.plist */ = {isa = PBXFileReference; fileEncoding = 4; lastKnownFileType = text.plist.xml; path = "GoogleService-Info.plist"; sourceTree = "<group>"; };
		7A15490491F9C55179D9D34B /* Pods-MatchingApp.debug.xcconfig */ = {isa = PBXFileReference; includeInIndex = 1; lastKnownFileType = text.xcconfig; name = "Pods-MatchingApp.debug.xcconfig"; path = "Target Support Files/Pods-MatchingApp/Pods-MatchingApp.debug.xcconfig"; sourceTree = "<group>"; };
/* End PBXFileReference section */

/* Begin PBXFrameworksBuildPhase section */
		3D55B0AB267476AF0082D7BE /* Frameworks */ = {
			isa = PBXFrameworksBuildPhase;
			buildActionMask = 2147483647;
			files = (
				3DD2640B267B065B005A3E38 /* BuildFile in Frameworks */,
				3DD26409267B065B005A3E38 /* BuildFile in Frameworks */,
				3DD26407267B065B005A3E38 /* BuildFile in Frameworks */,
				A4FFB95800E22829C1574DC6 /* Pods_MatchingApp.framework in Frameworks */,
			);
			runOnlyForDeploymentPostprocessing = 0;
		};
/* End PBXFrameworksBuildPhase section */

/* Begin PBXGroup section */
		2F4CE315090A372018CA01ED /* Frameworks */ = {
			isa = PBXGroup;
			children = (
				0A34FF5FD6DE0B8E038C8329 /* Pods_MatchingApp.framework */,
			);
			name = Frameworks;
			sourceTree = "<group>";
		};
		3D55B0A5267476AF0082D7BE = {
			isa = PBXGroup;
			children = (
				3D55B0B0267476AF0082D7BE /* MatchingApp */,
				3D55B0AF267476AF0082D7BE /* Products */,
				D8B832BE19073FB36245B288 /* Pods */,
				2F4CE315090A372018CA01ED /* Frameworks */,
			);
			sourceTree = "<group>";
		};
		3D55B0AF267476AF0082D7BE /* Products */ = {
			isa = PBXGroup;
			children = (
				3D55B0AE267476AF0082D7BE /* MatchingApp.app */,
			);
			name = Products;
			sourceTree = "<group>";
		};
		3D55B0B0267476AF0082D7BE /* MatchingApp */ = {
			isa = PBXGroup;
			children = (
				3D91F74C2677490A00F3FCAA /* Extensions */,
				3D91F74726773E8300F3FCAA /* Views */,
				3D91F74626773E5300F3FCAA /* ViewControllers */,
				3D55B0B1267476AF0082D7BE /* AppDelegate.swift */,
				3D55B0B3267476AF0082D7BE /* SceneDelegate.swift */,
				3DD6853D26A9A39E0021DEE3 /* GoogleService-Info.plist */,
				3D55B0BA267476B00082D7BE /* Assets.xcassets */,
				3D55B0BC267476B00082D7BE /* LaunchScreen.storyboard */,
				3D55B0BF267476B00082D7BE /* Info.plist */,
			);
			path = MatchingApp;
			sourceTree = "<group>";
		};
		3D91F74626773E5300F3FCAA /* ViewControllers */ = {
			isa = PBXGroup;
			children = (
				3D55B0B5267476AF0082D7BE /* HomeViewController.swift */,
			);
			path = ViewControllers;
			sourceTree = "<group>";
		};
		3D91F74726773E8300F3FCAA /* Views */ = {
			isa = PBXGroup;
			children = (
				3D91F74826773E9500F3FCAA /* BottomControlView.swift */,
				3DD26403267AFEB6005A3E38 /* TopControlView.swift */,
				3DD2640E267B4B45005A3E38 /* CardView.swift */,
				3DABCFF82685D567000A89BE /* CardInfoLabel.swift */,
				3D5E33CB26895E880017838A /* CardImageView.swift */,
			);
			path = Views;
			sourceTree = "<group>";
		};
		3D91F74C2677490A00F3FCAA /* Extensions */ = {
			isa = PBXGroup;
			children = (
				3D91F74A2677490300F3FCAA /* UIImage+Extension.swift */,
				3DD2640C267B418D005A3E38 /* UIView+Extension.swift */,
				3D12C104268424F6006ED719 /* UIColor+Extension.swift */,
				3D5E33C926895CD40017838A /* UIButton+Extension.swift */,
			);
			path = Extensions;
			sourceTree = "<group>";
		};
		D8B832BE19073FB36245B288 /* Pods */ = {
			isa = PBXGroup;
			children = (
				7A15490491F9C55179D9D34B /* Pods-MatchingApp.debug.xcconfig */,
				274FD43EF14E5AEF65DC0516 /* Pods-MatchingApp.release.xcconfig */,
			);
			name = Pods;
			path = Pods;
			sourceTree = "<group>";
		};
/* End PBXGroup section */

/* Begin PBXNativeTarget section */
		3D55B0AD267476AF0082D7BE /* MatchingApp */ = {
			isa = PBXNativeTarget;
			buildConfigurationList = 3D55B0C2267476B00082D7BE /* Build configuration list for PBXNativeTarget "MatchingApp" */;
			buildPhases = (
				D38844211CCE3AD566BDDCC7 /* [CP] Check Pods Manifest.lock */,
				3D55B0AA267476AF0082D7BE /* Sources */,
				3D55B0AB267476AF0082D7BE /* Frameworks */,
				3D55B0AC267476AF0082D7BE /* Resources */,
				D4C7B6D0A2E3704F0A9C806B /* [CP] Embed Pods Frameworks */,
			);
			buildRules = (
			);
			dependencies = (
			);
			name = MatchingApp;
			packageProductDependencies = (
				3DD26406267B065B005A3E38 /* SwiftPackageProductDependency */,
				3DD26408267B065B005A3E38 /* SwiftPackageProductDependency */,
				3DD2640A267B065B005A3E38 /* SwiftPackageProductDependency */,
			);
			productName = MatchingApp;
			productReference = 3D55B0AE267476AF0082D7BE /* MatchingApp.app */;
			productType = "com.apple.product-type.application";
		};
/* End PBXNativeTarget section */

/* Begin PBXProject section */
		3D55B0A6267476AF0082D7BE /* Project object */ = {
			isa = PBXProject;
			attributes = {
				LastSwiftUpdateCheck = 1250;
				LastUpgradeCheck = 1250;
				TargetAttributes = {
					3D55B0AD267476AF0082D7BE = {
						CreatedOnToolsVersion = 12.5;
					};
				};
			};
			buildConfigurationList = 3D55B0A9267476AF0082D7BE /* Build configuration list for PBXProject "MatchingApp" */;
			compatibilityVersion = "Xcode 9.3";
			developmentRegion = en;
			hasScannedForEncodings = 0;
			knownRegions = (
				en,
				Base,
			);
			mainGroup = 3D55B0A5267476AF0082D7BE;
			packageReferences = (
				3DD26405267B065B005A3E38 /* RemoteSwiftPackageReference */,
			);
			productRefGroup = 3D55B0AF267476AF0082D7BE /* Products */;
			projectDirPath = "";
			projectRoot = "";
			targets = (
				3D55B0AD267476AF0082D7BE /* MatchingApp */,
			);
		};
/* End PBXProject section */

/* Begin PBXResourcesBuildPhase section */
		3D55B0AC267476AF0082D7BE /* Resources */ = {
			isa = PBXResourcesBuildPhase;
			buildActionMask = 2147483647;
			files = (
				3D55B0BE267476B00082D7BE /* LaunchScreen.storyboard in Resources */,
				3D55B0BB267476B00082D7BE /* Assets.xcassets in Resources */,
				3DD6853E26A9A39E0021DEE3 /* GoogleService-Info.plist in Resources */,
			);
			runOnlyForDeploymentPostprocessing = 0;
		};
/* End PBXResourcesBuildPhase section */

/* Begin PBXShellScriptBuildPhase section */
		D38844211CCE3AD566BDDCC7 /* [CP] Check Pods Manifest.lock */ = {
			isa = PBXShellScriptBuildPhase;
			buildActionMask = 2147483647;
			files = (
			);
			inputFileListPaths = (
			);
			inputPaths = (
				"${PODS_PODFILE_DIR_PATH}/Podfile.lock",
				"${PODS_ROOT}/Manifest.lock",
			);
			name = "[CP] Check Pods Manifest.lock";
			outputFileListPaths = (
			);
			outputPaths = (
				"$(DERIVED_FILE_DIR)/Pods-MatchingApp-checkManifestLockResult.txt",
			);
			runOnlyForDeploymentPostprocessing = 0;
			shellPath = /bin/sh;
			shellScript = "diff \"${PODS_PODFILE_DIR_PATH}/Podfile.lock\" \"${PODS_ROOT}/Manifest.lock\" > /dev/null\nif [ $? != 0 ] ; then\n    # print error to STDERR\n    echo \"error: The sandbox is not in sync with the Podfile.lock. Run 'pod install' or update your CocoaPods installation.\" >&2\n    exit 1\nfi\n# This output is used by Xcode 'outputs' to avoid re-running this script phase.\necho \"SUCCESS\" > \"${SCRIPT_OUTPUT_FILE_0}\"\n";
			showEnvVarsInLog = 0;
		};
		D4C7B6D0A2E3704F0A9C806B /* [CP] Embed Pods Frameworks */ = {
			isa = PBXShellScriptBuildPhase;
			buildActionMask = 2147483647;
			files = (
			);
			inputFileListPaths = (
				"${PODS_ROOT}/Target Support Files/Pods-MatchingApp/Pods-MatchingApp-frameworks-${CONFIGURATION}-input-files.xcfilelist",
			);
			name = "[CP] Embed Pods Frameworks";
			outputFileListPaths = (
				"${PODS_ROOT}/Target Support Files/Pods-MatchingApp/Pods-MatchingApp-frameworks-${CONFIGURATION}-output-files.xcfilelist",
			);
			runOnlyForDeploymentPostprocessing = 0;
			shellPath = /bin/sh;
			shellScript = "\"${PODS_ROOT}/Target Support Files/Pods-MatchingApp/Pods-MatchingApp-frameworks.sh\"\n";
			showEnvVarsInLog = 0;
		};
/* End PBXShellScriptBuildPhase section */

/* Begin PBXSourcesBuildPhase section */
		3D55B0AA267476AF0082D7BE /* Sources */ = {
			isa = PBXSourcesBuildPhase;
			buildActionMask = 2147483647;
			files = (
				3DD26404267AFEB6005A3E38 /* TopControlView.swift in Sources */,
				3DD2640D267B418D005A3E38 /* UIView+Extension.swift in Sources */,
				3DABCFF92685D567000A89BE /* CardInfoLabel.swift in Sources */,
				3D5E33CA26895CD40017838A /* UIButton+Extension.swift in Sources */,
				3D55B0B6267476AF0082D7BE /* HomeViewController.swift in Sources */,
				3D12C105268424F6006ED719 /* UIColor+Extension.swift in Sources */,
				3D55B0B2267476AF0082D7BE /* AppDelegate.swift in Sources */,
				3D91F74B2677490300F3FCAA /* UIImage+Extension.swift in Sources */,
				3DD2640F267B4B45005A3E38 /* CardView.swift in Sources */,
				3D55B0B4267476AF0082D7BE /* SceneDelegate.swift in Sources */,
				3D5E33CC26895E880017838A /* CardImageView.swift in Sources */,
				3D91F74926773E9500F3FCAA /* BottomControlView.swift in Sources */,
			);
			runOnlyForDeploymentPostprocessing = 0;
		};
/* End PBXSourcesBuildPhase section */

/* Begin PBXVariantGroup section */
		3D55B0BC267476B00082D7BE /* LaunchScreen.storyboard */ = {
			isa = PBXVariantGroup;
			children = (
				3D55B0BD267476B00082D7BE /* Base */,
			);
			name = LaunchScreen.storyboard;
			sourceTree = "<group>";
		};
/* End PBXVariantGroup section */

/* Begin XCBuildConfiguration section */
		3D55B0C0267476B00082D7BE /* Debug */ = {
			isa = XCBuildConfiguration;
			buildSettings = {
				ALWAYS_SEARCH_USER_PATHS = NO;
				CLANG_ANALYZER_NONNULL = YES;
				CLANG_ANALYZER_NUMBER_OBJECT_CONVERSION = YES_AGGRESSIVE;
				CLANG_CXX_LANGUAGE_STANDARD = "gnu++14";
				CLANG_CXX_LIBRARY = "libc++";
				CLANG_ENABLE_MODULES = YES;
				CLANG_ENABLE_OBJC_ARC = YES;
				CLANG_ENABLE_OBJC_WEAK = YES;
				CLANG_WARN_BLOCK_CAPTURE_AUTORELEASING = YES;
				CLANG_WARN_BOOL_CONVERSION = YES;
				CLANG_WARN_COMMA = YES;
				CLANG_WARN_CONSTANT_CONVERSION = YES;
				CLANG_WARN_DEPRECATED_OBJC_IMPLEMENTATIONS = YES;
				CLANG_WARN_DIRECT_OBJC_ISA_USAGE = YES_ERROR;
				CLANG_WARN_DOCUMENTATION_COMMENTS = YES;
				CLANG_WARN_EMPTY_BODY = YES;
				CLANG_WARN_ENUM_CONVERSION = YES;
				CLANG_WARN_INFINITE_RECURSION = YES;
				CLANG_WARN_INT_CONVERSION = YES;
				CLANG_WARN_NON_LITERAL_NULL_CONVERSION = YES;
				CLANG_WARN_OBJC_IMPLICIT_RETAIN_SELF = YES;
				CLANG_WARN_OBJC_LITERAL_CONVERSION = YES;
				CLANG_WARN_OBJC_ROOT_CLASS = YES_ERROR;
				CLANG_WARN_QUOTED_INCLUDE_IN_FRAMEWORK_HEADER = YES;
				CLANG_WARN_RANGE_LOOP_ANALYSIS = YES;
				CLANG_WARN_STRICT_PROTOTYPES = YES;
				CLANG_WARN_SUSPICIOUS_MOVE = YES;
				CLANG_WARN_UNGUARDED_AVAILABILITY = YES_AGGRESSIVE;
				CLANG_WARN_UNREACHABLE_CODE = YES;
				CLANG_WARN__DUPLICATE_METHOD_MATCH = YES;
				COPY_PHASE_STRIP = NO;
				DEBUG_INFORMATION_FORMAT = dwarf;
				ENABLE_STRICT_OBJC_MSGSEND = YES;
				ENABLE_TESTABILITY = YES;
				GCC_C_LANGUAGE_STANDARD = gnu11;
				GCC_DYNAMIC_NO_PIC = NO;
				GCC_NO_COMMON_BLOCKS = YES;
				GCC_OPTIMIZATION_LEVEL = 0;
				GCC_PREPROCESSOR_DEFINITIONS = (
					"DEBUG=1",
					"$(inherited)",
				);
				GCC_WARN_64_TO_32_BIT_CONVERSION = YES;
				GCC_WARN_ABOUT_RETURN_TYPE = YES_ERROR;
				GCC_WARN_UNDECLARED_SELECTOR = YES;
				GCC_WARN_UNINITIALIZED_AUTOS = YES_AGGRESSIVE;
				GCC_WARN_UNUSED_FUNCTION = YES;
				GCC_WARN_UNUSED_VARIABLE = YES;
				IPHONEOS_DEPLOYMENT_TARGET = 14.5;
				MTL_ENABLE_DEBUG_INFO = INCLUDE_SOURCE;
				MTL_FAST_MATH = YES;
				ONLY_ACTIVE_ARCH = YES;
				SDKROOT = iphoneos;
				SWIFT_ACTIVE_COMPILATION_CONDITIONS = DEBUG;
				SWIFT_OPTIMIZATION_LEVEL = "-Onone";
			};
			name = Debug;
		};
		3D55B0C1267476B00082D7BE /* Release */ = {
			isa = XCBuildConfiguration;
			buildSettings = {
				ALWAYS_SEARCH_USER_PATHS = NO;
				CLANG_ANALYZER_NONNULL = YES;
				CLANG_ANALYZER_NUMBER_OBJECT_CONVERSION = YES_AGGRESSIVE;
				CLANG_CXX_LANGUAGE_STANDARD = "gnu++14";
				CLANG_CXX_LIBRARY = "libc++";
				CLANG_ENABLE_MODULES = YES;
				CLANG_ENABLE_OBJC_ARC = YES;
				CLANG_ENABLE_OBJC_WEAK = YES;
				CLANG_WARN_BLOCK_CAPTURE_AUTORELEASING = YES;
				CLANG_WARN_BOOL_CONVERSION = YES;
				CLANG_WARN_COMMA = YES;
				CLANG_WARN_CONSTANT_CONVERSION = YES;
				CLANG_WARN_DEPRECATED_OBJC_IMPLEMENTATIONS = YES;
				CLANG_WARN_DIRECT_OBJC_ISA_USAGE = YES_ERROR;
				CLANG_WARN_DOCUMENTATION_COMMENTS = YES;
				CLANG_WARN_EMPTY_BODY = YES;
				CLANG_WARN_ENUM_CONVERSION = YES;
				CLANG_WARN_INFINITE_RECURSION = YES;
				CLANG_WARN_INT_CONVERSION = YES;
				CLANG_WARN_NON_LITERAL_NULL_CONVERSION = YES;
				CLANG_WARN_OBJC_IMPLICIT_RETAIN_SELF = YES;
				CLANG_WARN_OBJC_LITERAL_CONVERSION = YES;
				CLANG_WARN_OBJC_ROOT_CLASS = YES_ERROR;
				CLANG_WARN_QUOTED_INCLUDE_IN_FRAMEWORK_HEADER = YES;
				CLANG_WARN_RANGE_LOOP_ANALYSIS = YES;
				CLANG_WARN_STRICT_PROTOTYPES = YES;
				CLANG_WARN_SUSPICIOUS_MOVE = YES;
				CLANG_WARN_UNGUARDED_AVAILABILITY = YES_AGGRESSIVE;
				CLANG_WARN_UNREACHABLE_CODE = YES;
				CLANG_WARN__DUPLICATE_METHOD_MATCH = YES;
				COPY_PHASE_STRIP = NO;
				DEBUG_INFORMATION_FORMAT = "dwarf-with-dsym";
				ENABLE_NS_ASSERTIONS = NO;
				ENABLE_STRICT_OBJC_MSGSEND = YES;
				GCC_C_LANGUAGE_STANDARD = gnu11;
				GCC_NO_COMMON_BLOCKS = YES;
				GCC_WARN_64_TO_32_BIT_CONVERSION = YES;
				GCC_WARN_ABOUT_RETURN_TYPE = YES_ERROR;
				GCC_WARN_UNDECLARED_SELECTOR = YES;
				GCC_WARN_UNINITIALIZED_AUTOS = YES_AGGRESSIVE;
				GCC_WARN_UNUSED_FUNCTION = YES;
				GCC_WARN_UNUSED_VARIABLE = YES;
				IPHONEOS_DEPLOYMENT_TARGET = 14.5;
				MTL_ENABLE_DEBUG_INFO = NO;
				MTL_FAST_MATH = YES;
				SDKROOT = iphoneos;
				SWIFT_COMPILATION_MODE = wholemodule;
				SWIFT_OPTIMIZATION_LEVEL = "-O";
				VALIDATE_PRODUCT = YES;
			};
			name = Release;
		};
		3D55B0C3267476B00082D7BE /* Debug */ = {
			isa = XCBuildConfiguration;
			baseConfigurationReference = 7A15490491F9C55179D9D34B /* Pods-MatchingApp.debug.xcconfig */;
			buildSettings = {
				ASSETCATALOG_COMPILER_APPICON_NAME = AppIcon;
				ASSETCATALOG_COMPILER_GLOBAL_ACCENT_COLOR_NAME = AccentColor;
				CODE_SIGN_STYLE = Automatic;
				DEVELOPMENT_TEAM = YUHDTGAY33;
				INFOPLIST_FILE = MatchingApp/Info.plist;
				LD_RUNPATH_SEARCH_PATHS = (
					"$(inherited)",
					"@executable_path/Frameworks",
				);
				PRODUCT_BUNDLE_IDENTIFIER = hongjeongseob.MatchingApp;
				PRODUCT_NAME = "$(TARGET_NAME)";
				SWIFT_VERSION = 5.0;
				TARGETED_DEVICE_FAMILY = "1,2";
			};
			name = Debug;
		};
		3D55B0C4267476B00082D7BE /* Release */ = {
			isa = XCBuildConfiguration;
			baseConfigurationReference = 274FD43EF14E5AEF65DC0516 /* Pods-MatchingApp.release.xcconfig */;
			buildSettings = {
				ASSETCATALOG_COMPILER_APPICON_NAME = AppIcon;
				ASSETCATALOG_COMPILER_GLOBAL_ACCENT_COLOR_NAME = AccentColor;
				CODE_SIGN_STYLE = Automatic;
				DEVELOPMENT_TEAM = YUHDTGAY33;
				INFOPLIST_FILE = MatchingApp/Info.plist;
				LD_RUNPATH_SEARCH_PATHS = (
					"$(inherited)",
					"@executable_path/Frameworks",
				);
				PRODUCT_BUNDLE_IDENTIFIER = hongjeongseob.MatchingApp;
				PRODUCT_NAME = "$(TARGET_NAME)";
				SWIFT_VERSION = 5.0;
				TARGETED_DEVICE_FAMILY = "1,2";
			};
			name = Release;
		};
/* End XCBuildConfiguration section */

/* Begin XCConfigurationList section */
		3D55B0A9267476AF0082D7BE /* Build configuration list for PBXProject "MatchingApp" */ = {
			isa = XCConfigurationList;
			buildConfigurations = (
				3D55B0C0267476B00082D7BE /* Debug */,
				3D55B0C1267476B00082D7BE /* Release */,
			);
			defaultConfigurationIsVisible = 0;
			defaultConfigurationName = Release;
		};
		3D55B0C2267476B00082D7BE /* Build configuration list for PBXNativeTarget "MatchingApp" */ = {
			isa = XCConfigurationList;
			buildConfigurations = (
				3D55B0C3267476B00082D7BE /* Debug */,
				3D55B0C4267476B00082D7BE /* Release */,
			);
			defaultConfigurationIsVisible = 0;
			defaultConfigurationName = Release;
		};
/* End XCConfigurationList section */

/* Begin XCRemoteSwiftPackageReference section */
		3DD26405267B065B005A3E38 /* RemoteSwiftPackageReference */ = {
			isa = XCRemoteSwiftPackageReference;
			repositoryURL = "https://github.com/ReactiveX/RxSwift";
			requirement = {
				kind = exactVersion;
				version = 6.0.0;
			};
		};
/* End XCRemoteSwiftPackageReference section */

/* Begin XCSwiftPackageProductDependency section */
		3DD26406267B065B005A3E38 /* SwiftPackageProductDependency */ = {
			isa = XCSwiftPackageProductDependency;
			package = 3DD26405267B065B005A3E38 /* RemoteSwiftPackageReference */;
			productName = RxSwift;
		};
		3DD26408267B065B005A3E38 /* SwiftPackageProductDependency */ = {
			isa = XCSwiftPackageProductDependency;
			package = 3DD26405267B065B005A3E38 /* RemoteSwiftPackageReference */;
			productName = RxCocoa;
		};
		3DD2640A267B065B005A3E38 /* SwiftPackageProductDependency */ = {
			isa = XCSwiftPackageProductDependency;
			package = 3DD26405267B065B005A3E38 /* RemoteSwiftPackageReference */;
			productName = RxRelay;
		};
/* End XCSwiftPackageProductDependency section */
	};
	rootObject = 3D55B0A6267476AF0082D7BE /* Project object */;
}
